
Microsoft Visual Studio Solution File, Format Version 12.00
# Visual Studio 15
VisualStudioVersion = 15.0.28307.489
MinimumVisualStudioVersion = 10.0.40219.1
Project("{2150E333-8FDC-42A3-9474-1A3956D46DE8}") = "CleanArch.Aplication", "CleanArch.Aplication", "{E2DDA7CE-D02E-4126-810A-A44C04CFFD43}"
EndProject
Project("{2150E333-8FDC-42A3-9474-1A3956D46DE8}") = "CleanArch.Domain", "CleanArch.Domain", "{4A96BF2C-8863-4317-8FCF-2ECCA1C991A5}"
EndProject
Project("{2150E333-8FDC-42A3-9474-1A3956D46DE8}") = "CleanArch.Infra.loC", "CleanArch.Infra.loC", "{3B5F5133-0F4E-480C-8278-3A944F59B232}"
EndProject
Project("{2150E333-8FDC-42A3-9474-1A3956D46DE8}") = "CleanArch.Infra.Data", "CleanArch.Infra.Data", "{B683B5F3-B7BC-4224-895F-620546ED14FC}"
EndProject
Project("{2150E333-8FDC-42A3-9474-1A3956D46DE8}") = "CleanArch.UI.Mvc", "CleanArch.UI.Mvc", "{104A8499-CDD1-4C2E-BD1B-51EADCE4B9F9}"
EndProject
Global
	GlobalSection(SolutionProperties) = preSolution
		HideSolutionNode = FALSE
	EndGlobalSection
	GlobalSection(ExtensibilityGlobals) = postSolution
		SolutionGuid = {FC07EFCF-B280-4DBA-AA91-3B0572DC98DA}
	EndGlobalSection
EndGlobal
